// !$*UTF8*$!
{
	archiveVersion = 1;
	classes = {
	};
	objectVersion = 42;
	objects = {

/* Begin PBXBuildFile section */
		8D15AC2C0486D014006FF6A4 /* Credits.rtf in Resources */ = {isa = PBXBuildFile; fileRef = 2A37F4B9FDCFA73011CA2CEA /* Credits.rtf */; };
		8D15AC2D0486D014006FF6A4 /* MainMenu.nib in Resources */ = {isa = PBXBuildFile; fileRef = 2A37F4B6FDCFA73011CA2CEA /* MainMenu.nib */; };
		8D15AC2E0486D014006FF6A4 /* MasonDocument.nib in Resources */ = {isa = PBXBuildFile; fileRef = 2A37F4B4FDCFA73011CA2CEA /* MasonDocument.nib */; };
		8D15AC2F0486D014006FF6A4 /* InfoPlist.strings in Resources */ = {isa = PBXBuildFile; fileRef = 089C165FFE840EACC02AAC07 /* InfoPlist.strings */; };
		8D15AC310486D014006FF6A4 /* MasonDocument.m in Sources */ = {isa = PBXBuildFile; fileRef = 2A37F4ACFDCFA73011CA2CEA /* MasonDocument.m */; settings = {ATTRIBUTES = (); }; };
		8D15AC320486D014006FF6A4 /* main.m in Sources */ = {isa = PBXBuildFile; fileRef = 2A37F4B0FDCFA73011CA2CEA /* main.m */; settings = {ATTRIBUTES = (); }; };
		8D15AC340486D014006FF6A4 /* Cocoa.framework in Frameworks */ = {isa = PBXBuildFile; fileRef = 1058C7A7FEA54F5311CA2CBB /* Cocoa.framework */; };
		D84AFD670C813D5E008A8770 /* BrickDocument.icns in Resources */ = {isa = PBXBuildFile; fileRef = D84AFD660C813D5E008A8770 /* BrickDocument.icns */; };
		D84AFD700C823856008A8770 /* trixel.c in Sources */ = {isa = PBXBuildFile; fileRef = D84AFD6E0C823856008A8770 /* trixel.c */; };
		D84AFD750C82387D008A8770 /* voxel.fragment.glsl in Resources */ = {isa = PBXBuildFile; fileRef = D84AFD730C82387D008A8770 /* voxel.fragment.glsl */; };
		D84AFD760C82387D008A8770 /* voxel.vertex.glsl in Resources */ = {isa = PBXBuildFile; fileRef = D84AFD740C82387D008A8770 /* voxel.vertex.glsl */; };
		D84AFD9A0C826E12008A8770 /* default.brick in Resources */ = {isa = PBXBuildFile; fileRef = D84AFD990C826E12008A8770 /* default.brick */; };
		D8EDAF200C7E670E00D0DE3F /* surface.png in Resources */ = {isa = PBXBuildFile; fileRef = D8EDAF1C0C7E670E00D0DE3F /* surface.png */; };
		D8EDAF210C7E670E00D0DE3F /* xslice.png in Resources */ = {isa = PBXBuildFile; fileRef = D8EDAF1D0C7E670E00D0DE3F /* xslice.png */; };
		D8EDAF220C7E670E00D0DE3F /* yslice.png in Resources */ = {isa = PBXBuildFile; fileRef = D8EDAF1E0C7E670E00D0DE3F /* yslice.png */; };
		D8EDAF230C7E670F00D0DE3F /* zslice.png in Resources */ = {isa = PBXBuildFile; fileRef = D8EDAF1F0C7E670E00D0DE3F /* zslice.png */; };
		D8EDAF3A0C7E8BAA00D0DE3F /* MasonBrickView.m in Sources */ = {isa = PBXBuildFile; fileRef = D8EDAF390C7E8BAA00D0DE3F /* MasonBrickView.m */; };
		D8EDAF3E0C7E94FB00D0DE3F /* Mason.icns in Resources */ = {isa = PBXBuildFile; fileRef = D8EDAF3D0C7E94FB00D0DE3F /* Mason.icns */; };
		D8EDAF6E0C7FE30A00D0DE3F /* OpenGL.framework in Frameworks */ = {isa = PBXBuildFile; fileRef = D8EDAF6D0C7FE30A00D0DE3F /* OpenGL.framework */; };
		D8EDAF720C7FE32900D0DE3F /* libGLEW.dylib in Frameworks */ = {isa = PBXBuildFile; fileRef = D8EDAF710C7FE32900D0DE3F /* libGLEW.dylib */; };
/* End PBXBuildFile section */

/* Begin PBXFileReference section */
		089C1660FE840EACC02AAC07 /* English */ = {isa = PBXFileReference; fileEncoding = 10; lastKnownFileType = text.plist.strings; name = English; path = English.lproj/InfoPlist.strings; sourceTree = "<group>"; };
		1058C7A7FEA54F5311CA2CBB /* Cocoa.framework */ = {isa = PBXFileReference; lastKnownFileType = wrapper.framework; name = Cocoa.framework; path = /System/Library/Frameworks/Cocoa.framework; sourceTree = "<absolute>"; };
		13E42FBA07B3F13500E4EEF1 /* CoreData.framework */ = {isa = PBXFileReference; lastKnownFileType = wrapper.framework; name = CoreData.framework; path = /System/Library/Frameworks/CoreData.framework; sourceTree = "<absolute>"; };
		2A37F4ACFDCFA73011CA2CEA /* MasonDocument.m */ = {isa = PBXFileReference; fileEncoding = 4; lastKnownFileType = sourcecode.c.objc; path = MasonDocument.m; sourceTree = "<group>"; };
		2A37F4AEFDCFA73011CA2CEA /* MasonDocument.h */ = {isa = PBXFileReference; fileEncoding = 4; lastKnownFileType = sourcecode.c.h; path = MasonDocument.h; sourceTree = "<group>"; };
		2A37F4B0FDCFA73011CA2CEA /* main.m */ = {isa = PBXFileReference; fileEncoding = 4; lastKnownFileType = sourcecode.c.objc; path = main.m; sourceTree = "<group>"; };
		2A37F4B5FDCFA73011CA2CEA /* English */ = {isa = PBXFileReference; lastKnownFileType = wrapper.nib; name = English; path = English.lproj/MasonDocument.nib; sourceTree = "<group>"; };
		2A37F4B7FDCFA73011CA2CEA /* English */ = {isa = PBXFileReference; lastKnownFileType = wrapper.nib; name = English; path = English.lproj/MainMenu.nib; sourceTree = "<group>"; };
		2A37F4BAFDCFA73011CA2CEA /* English */ = {isa = PBXFileReference; lastKnownFileType = text.rtf; name = English; path = English.lproj/Credits.rtf; sourceTree = "<group>"; };
		2A37F4C4FDCFA73011CA2CEA /* AppKit.framework */ = {isa = PBXFileReference; lastKnownFileType = wrapper.framework; name = AppKit.framework; path = /System/Library/Frameworks/AppKit.framework; sourceTree = "<absolute>"; };
		2A37F4C5FDCFA73011CA2CEA /* Foundation.framework */ = {isa = PBXFileReference; lastKnownFileType = wrapper.framework; name = Foundation.framework; path = /System/Library/Frameworks/Foundation.framework; sourceTree = "<absolute>"; };
		32DBCF750370BD2300C91783 /* Mason_Prefix.pch */ = {isa = PBXFileReference; fileEncoding = 4; lastKnownFileType = sourcecode.c.h; path = Mason_Prefix.pch; sourceTree = "<group>"; };
		8D15AC360486D014006FF6A4 /* Info.plist */ = {isa = PBXFileReference; fileEncoding = 4; lastKnownFileType = text.plist; path = Info.plist; sourceTree = "<group>"; };
		8D15AC370486D014006FF6A4 /* Mason.app */ = {isa = PBXFileReference; explicitFileType = wrapper.application; includeInIndex = 0; path = Mason.app; sourceTree = BUILT_PRODUCTS_DIR; };
		D84AFD660C813D5E008A8770 /* BrickDocument.icns */ = {isa = PBXFileReference; lastKnownFileType = image.icns; path = BrickDocument.icns; sourceTree = "<group>"; };
		D84AFD6E0C823856008A8770 /* trixel.c */ = {isa = PBXFileReference; fileEncoding = 30; lastKnownFileType = sourcecode.c.c; name = trixel.c; path = ../trixel.c; sourceTree = SOURCE_ROOT; };
		D84AFD6F0C823856008A8770 /* trixel.h */ = {isa = PBXFileReference; fileEncoding = 30; lastKnownFileType = sourcecode.c.h; name = trixel.h; path = ../trixel.h; sourceTree = SOURCE_ROOT; };
		D84AFD730C82387D008A8770 /* voxel.fragment.glsl */ = {isa = PBXFileReference; fileEncoding = 30; lastKnownFileType = text; name = voxel.fragment.glsl; path = ../voxel.fragment.glsl; sourceTree = SOURCE_ROOT; };
		D84AFD740C82387D008A8770 /* voxel.vertex.glsl */ = {isa = PBXFileReference; fileEncoding = 30; lastKnownFileType = text; name = voxel.vertex.glsl; path = ../voxel.vertex.glsl; sourceTree = SOURCE_ROOT; };
		D84AFD990C826E12008A8770 /* default.brick */ = {isa = PBXFileReference; lastKnownFileType = file; path = default.brick; sourceTree = "<group>"; };
		D8EDAF1C0C7E670E00D0DE3F /* surface.png */ = {isa = PBXFileReference; lastKnownFileType = image.png; path = surface.png; sourceTree = "<group>"; };
		D8EDAF1D0C7E670E00D0DE3F /* xslice.png */ = {isa = PBXFileReference; lastKnownFileType = image.png; path = xslice.png; sourceTree = "<group>"; };
		D8EDAF1E0C7E670E00D0DE3F /* yslice.png */ = {isa = PBXFileReference; lastKnownFileType = image.png; path = yslice.png; sourceTree = "<group>"; };
		D8EDAF1F0C7E670E00D0DE3F /* zslice.png */ = {isa = PBXFileReference; lastKnownFileType = image.png; path = zslice.png; sourceTree = "<group>"; };
		D8EDAF380C7E8BAA00D0DE3F /* MasonBrickView.h */ = {isa = PBXFileReference; fileEncoding = 4; lastKnownFileType = sourcecode.c.h; path = MasonBrickView.h; sourceTree = "<group>"; };
		D8EDAF390C7E8BAA00D0DE3F /* MasonBrickView.m */ = {isa = PBXFileReference; fileEncoding = 4; lastKnownFileType = sourcecode.c.objc; path = MasonBrickView.m; sourceTree = "<group>"; };
		D8EDAF3D0C7E94FB00D0DE3F /* Mason.icns */ = {isa = PBXFileReference; lastKnownFileType = image.icns; path = Mason.icns; sourceTree = "<group>"; };
		D8EDAF6D0C7FE30A00D0DE3F /* OpenGL.framework */ = {isa = PBXFileReference; lastKnownFileType = wrapper.framework; name = OpenGL.framework; path = /System/Library/Frameworks/OpenGL.framework; sourceTree = "<absolute>"; };
		D8EDAF710C7FE32900D0DE3F /* libGLEW.dylib */ = {isa = PBXFileReference; lastKnownFileType = "compiled.mach-o.dylib"; name = libGLEW.dylib; path = /opt/local/lib/libGLEW.dylib; sourceTree = "<absolute>"; };
/* End PBXFileReference section */

/* Begin PBXFrameworksBuildPhase section */
		8D15AC330486D014006FF6A4 /* Frameworks */ = {
			isa = PBXFrameworksBuildPhase;
			buildActionMask = 2147483647;
			files = (
				8D15AC340486D014006FF6A4 /* Cocoa.framework in Frameworks */,
				D8EDAF6E0C7FE30A00D0DE3F /* OpenGL.framework in Frameworks */,
				D8EDAF720C7FE32900D0DE3F /* libGLEW.dylib in Frameworks */,
			);
			runOnlyForDeploymentPostprocessing = 0;
		};
/* End PBXFrameworksBuildPhase section */

/* Begin PBXGroup section */
		1058C7A6FEA54F5311CA2CBB /* Linked Frameworks */ = {
			isa = PBXGroup;
			children = (
				D8EDAF710C7FE32900D0DE3F /* libGLEW.dylib */,
				D8EDAF6D0C7FE30A00D0DE3F /* OpenGL.framework */,
				1058C7A7FEA54F5311CA2CBB /* Cocoa.framework */,
			);
			name = "Linked Frameworks";
			sourceTree = "<group>";
		};
		1058C7A8FEA54F5311CA2CBB /* Other Frameworks */ = {
			isa = PBXGroup;
			children = (
				2A37F4C4FDCFA73011CA2CEA /* AppKit.framework */,
				13E42FBA07B3F13500E4EEF1 /* CoreData.framework */,
				2A37F4C5FDCFA73011CA2CEA /* Foundation.framework */,
			);
			name = "Other Frameworks";
			sourceTree = "<group>";
		};
		19C28FB0FE9D524F11CA2CBB /* Products */ = {
			isa = PBXGroup;
			children = (
				8D15AC370486D014006FF6A4 /* Mason.app */,
			);
			name = Products;
			sourceTree = "<group>";
		};
		2A37F4AAFDCFA73011CA2CEA /* Mason */ = {
			isa = PBXGroup;
			children = (
				2A37F4ABFDCFA73011CA2CEA /* Classes */,
				2A37F4AFFDCFA73011CA2CEA /* Other Sources */,
				2A37F4B8FDCFA73011CA2CEA /* Resources */,
				2A37F4C3FDCFA73011CA2CEA /* Frameworks */,
				19C28FB0FE9D524F11CA2CBB /* Products */,
			);
			name = Mason;
			sourceTree = "<group>";
		};
		2A37F4ABFDCFA73011CA2CEA /* Classes */ = {
			isa = PBXGroup;
			children = (
				2A37F4AEFDCFA73011CA2CEA /* MasonDocument.h */,
				2A37F4ACFDCFA73011CA2CEA /* MasonDocument.m */,
				D8EDAF380C7E8BAA00D0DE3F /* MasonBrickView.h */,
				D8EDAF390C7E8BAA00D0DE3F /* MasonBrickView.m */,
			);
			name = Classes;
			sourceTree = "<group>";
		};
		2A37F4AFFDCFA73011CA2CEA /* Other Sources */ = {
			isa = PBXGroup;
			children = (
				D84AFD6E0C823856008A8770 /* trixel.c */,
				D84AFD6F0C823856008A8770 /* trixel.h */,
				32DBCF750370BD2300C91783 /* Mason_Prefix.pch */,
				2A37F4B0FDCFA73011CA2CEA /* main.m */,
			);
			name = "Other Sources";
			sourceTree = "<group>";
		};
		2A37F4B8FDCFA73011CA2CEA /* Resources */ = {
			isa = PBXGroup;
			children = (
				D84AFD990C826E12008A8770 /* default.brick */,
				D84AFD730C82387D008A8770 /* voxel.fragment.glsl */,
				D84AFD740C82387D008A8770 /* voxel.vertex.glsl */,
				D84AFD660C813D5E008A8770 /* BrickDocument.icns */,
				D8EDAF3D0C7E94FB00D0DE3F /* Mason.icns */,
				D8EDAF1C0C7E670E00D0DE3F /* surface.png */,
				D8EDAF1D0C7E670E00D0DE3F /* xslice.png */,
				D8EDAF1E0C7E670E00D0DE3F /* yslice.png */,
				D8EDAF1F0C7E670E00D0DE3F /* zslice.png */,
				2A37F4B9FDCFA73011CA2CEA /* Credits.rtf */,
				2A37F4B6FDCFA73011CA2CEA /* MainMenu.nib */,
				2A37F4B4FDCFA73011CA2CEA /* MasonDocument.nib */,
				8D15AC360486D014006FF6A4 /* Info.plist */,
				089C165FFE840EACC02AAC07 /* InfoPlist.strings */,
			);
			name = Resources;
			sourceTree = "<group>";
		};
		2A37F4C3FDCFA73011CA2CEA /* Frameworks */ = {
			isa = PBXGroup;
			children = (
				1058C7A6FEA54F5311CA2CBB /* Linked Frameworks */,
				1058C7A8FEA54F5311CA2CBB /* Other Frameworks */,
			);
			name = Frameworks;
			sourceTree = "<group>";
		};
/* End PBXGroup section */

/* Begin PBXNativeTarget section */
		8D15AC270486D014006FF6A4 /* Mason */ = {
			isa = PBXNativeTarget;
			buildConfigurationList = C05733C708A9546B00998B17 /* Build configuration list for PBXNativeTarget "Mason" */;
			buildPhases = (
				8D15AC2B0486D014006FF6A4 /* Resources */,
				8D15AC300486D014006FF6A4 /* Sources */,
				8D15AC330486D014006FF6A4 /* Frameworks */,
			);
			buildRules = (
			);
			dependencies = (
			);
			name = Mason;
			productInstallPath = "$(HOME)/Applications";
			productName = Mason;
			productReference = 8D15AC370486D014006FF6A4 /* Mason.app */;
			productType = "com.apple.product-type.application";
		};
/* End PBXNativeTarget section */

/* Begin PBXProject section */
		2A37F4A9FDCFA73011CA2CEA /* Project object */ = {
			isa = PBXProject;
			buildConfigurationList = C05733CB08A9546B00998B17 /* Build configuration list for PBXProject "Mason" */;
			hasScannedForEncodings = 1;
			mainGroup = 2A37F4AAFDCFA73011CA2CEA /* Mason */;
			projectDirPath = "";
			targets = (
				8D15AC270486D014006FF6A4 /* Mason */,
			);
		};
/* End PBXProject section */

/* Begin PBXResourcesBuildPhase section */
		8D15AC2B0486D014006FF6A4 /* Resources */ = {
			isa = PBXResourcesBuildPhase;
			buildActionMask = 2147483647;
			files = (
				8D15AC2C0486D014006FF6A4 /* Credits.rtf in Resources */,
				8D15AC2D0486D014006FF6A4 /* MainMenu.nib in Resources */,
				8D15AC2E0486D014006FF6A4 /* MasonDocument.nib in Resources */,
				8D15AC2F0486D014006FF6A4 /* InfoPlist.strings in Resources */,
				D8EDAF200C7E670E00D0DE3F /* surface.png in Resources */,
				D8EDAF210C7E670E00D0DE3F /* xslice.png in Resources */,
				D8EDAF220C7E670E00D0DE3F /* yslice.png in Resources */,
				D8EDAF230C7E670F00D0DE3F /* zslice.png in Resources */,
				D8EDAF3E0C7E94FB00D0DE3F /* Mason.icns in Resources */,
				D84AFD670C813D5E008A8770 /* BrickDocument.icns in Resources */,
				D84AFD750C82387D008A8770 /* voxel.fragment.glsl in Resources */,
				D84AFD760C82387D008A8770 /* voxel.vertex.glsl in Resources */,
				D84AFD9A0C826E12008A8770 /* default.brick in Resources */,
			);
			runOnlyForDeploymentPostprocessing = 0;
		};
/* End PBXResourcesBuildPhase section */

/* Begin PBXSourcesBuildPhase section */
		8D15AC300486D014006FF6A4 /* Sources */ = {
			isa = PBXSourcesBuildPhase;
			buildActionMask = 2147483647;
			files = (
				8D15AC310486D014006FF6A4 /* MasonDocument.m in Sources */,
				8D15AC320486D014006FF6A4 /* main.m in Sources */,
				D8EDAF3A0C7E8BAA00D0DE3F /* MasonBrickView.m in Sources */,
				D84AFD700C823856008A8770 /* trixel.c in Sources */,
			);
			runOnlyForDeploymentPostprocessing = 0;
		};
/* End PBXSourcesBuildPhase section */

/* Begin PBXVariantGroup section */
		089C165FFE840EACC02AAC07 /* InfoPlist.strings */ = {
			isa = PBXVariantGroup;
			children = (
				089C1660FE840EACC02AAC07 /* English */,
			);
			name = InfoPlist.strings;
			sourceTree = "<group>";
		};
		2A37F4B4FDCFA73011CA2CEA /* MasonDocument.nib */ = {
			isa = PBXVariantGroup;
			children = (
				2A37F4B5FDCFA73011CA2CEA /* English */,
			);
			name = MasonDocument.nib;
			sourceTree = "<group>";
		};
		2A37F4B6FDCFA73011CA2CEA /* MainMenu.nib */ = {
			isa = PBXVariantGroup;
			children = (
				2A37F4B7FDCFA73011CA2CEA /* English */,
			);
			name = MainMenu.nib;
			sourceTree = "<group>";
		};
		2A37F4B9FDCFA73011CA2CEA /* Credits.rtf */ = {
			isa = PBXVariantGroup;
			children = (
				2A37F4BAFDCFA73011CA2CEA /* English */,
			);
			name = Credits.rtf;
			sourceTree = "<group>";
		};
/* End PBXVariantGroup section */

/* Begin XCBuildConfiguration section */
		C05733C808A9546B00998B17 /* Debug */ = {
			isa = XCBuildConfiguration;
			buildSettings = {
				COPY_PHASE_STRIP = NO;
				GCC_DYNAMIC_NO_PIC = NO;
				GCC_ENABLE_FIX_AND_CONTINUE = YES;
				GCC_MODEL_TUNING = G5;
				GCC_OPTIMIZATION_LEVEL = 0;
				INFOPLIST_FILE = Info.plist;
				INSTALL_PATH = "$(HOME)/Applications";
				LIBRARY_SEARCH_PATHS = (
					"$(inherited)",
					/opt/local/lib,
				);
				PRODUCT_NAME = Mason;
				WRAPPER_EXTENSION = app;
				ZERO_LINK = YES;
			};
			name = Debug;
		};
		C05733C908A9546B00998B17 /* Release */ = {
			isa = XCBuildConfiguration;
			buildSettings = {
				ARCHS = (
					ppc,
					i386,
				);
				GCC_GENERATE_DEBUGGING_SYMBOLS = NO;
				GCC_MODEL_TUNING = G5;
				INFOPLIST_FILE = Info.plist;
				INSTALL_PATH = "$(HOME)/Applications";
				LIBRARY_SEARCH_PATHS = (
					"$(inherited)",
					/opt/local/lib,
				);
				PRODUCT_NAME = Mason;
				WRAPPER_EXTENSION = app;
			};
			name = Release;
		};
		C05733CC08A9546B00998B17 /* Debug */ = {
			isa = XCBuildConfiguration;
			buildSettings = {
				GCC_C_LANGUAGE_STANDARD = c99;
				GCC_WARN_ABOUT_RETURN_TYPE = YES;
				GCC_WARN_UNUSED_VARIABLE = YES;
				HEADER_SEARCH_PATHS = /opt/local/include;
				PREBINDING = NO;
				SDKROOT = /Developer/SDKs/MacOSX10.4u.sdk;
			};
			name = Debug;
		};
		C05733CD08A9546B00998B17 /* Release */ = {
			isa = XCBuildConfiguration;
			buildSettings = {
				GCC_C_LANGUAGE_STANDARD = c99;
				GCC_WARN_ABOUT_RETURN_TYPE = YES;
				GCC_WARN_UNUSED_VARIABLE = YES;
				HEADER_SEARCH_PATHS = /opt/local/include;
				PREBINDING = NO;
				SDKROOT = /Developer/SDKs/MacOSX10.4u.sdk;
			};
			name = Release;
		};
/* End XCBuildConfiguration section */

/* Begin XCConfigurationList section */
		C05733C708A9546B00998B17 /* Build configuration list for PBXNativeTarget "Mason" */ = {
			isa = XCConfigurationList;
			buildConfigurations = (
				C05733C808A9546B00998B17 /* Debug */,
				C05733C908A9546B00998B17 /* Release */,
			);
			defaultConfigurationIsVisible = 0;
			defaultConfigurationName = Release;
		};
		C05733CB08A9546B00998B17 /* Build configuration list for PBXProject "Mason" */ = {
			isa = XCConfigurationList;
			buildConfigurations = (
				C05733CC08A9546B00998B17 /* Debug */,
				C05733CD08A9546B00998B17 /* Release */,
			);
			defaultConfigurationIsVisible = 0;
			defaultConfigurationName = Release;
		};
/* End XCConfigurationList section */
	};
	rootObject = 2A37F4A9FDCFA73011CA2CEA /* Project object */;
}
